
Microsoft Visual Studio Solution File, Format Version 11.00
# Visual Studio 2010
Project("{8BC9CEB8-8B4A-11D0-8D11-00A0C91BC942}") = "MYLib", "NHLib\NHLib.vcxproj", "{5FC9B6FF-5E2A-43E5-841E-CE206E06E866}"
EndProject
Project("{8BC9CEB8-8B4A-11D0-8D11-00A0C91BC942}") = "NHMFDServerDBDAL", "NHMFDServerDBDAL\NHMFDServerDBDAL.vcxproj", "{AC7B9F51-CDB9-4CE8-856B-62BE3241F803}"
EndProject
Project("{8BC9CEB8-8B4A-11D0-8D11-00A0C91BC942}") = "NHModeServerDBDAL", "NHModeServerDBDAL\NHModeServerDBDAL.vcxproj", "{B2925406-0C5F-4D89-93ED-5C444BCC9283}"
EndProject
Project("{8BC9CEB8-8B4A-11D0-8D11-00A0C91BC942}") = "MYNetLib", "NHNetLib\NHNetLib.vcxproj", "{313728B6-BD4A-40F9-B873-BAD2630CA376}"
EndProject
Project("{8BC9CEB8-8B4A-11D0-8D11-00A0C91BC942}") = "NHWin32Lib", "NHWin32Lib\NHWin32Lib.vcxproj", "{9EAE1F75-643A-43F9-9F91-959F23EED1AE}"
EndProject
Project("{8BC9CEB8-8B4A-11D0-8D11-00A0C91BC942}") = "Charge", "Charge\Charge.vcxproj", "{5C651311-A998-4174-9359-93A6AB31D257}"
	ProjectSection(ProjectDependencies) = postProject
		{B2925406-0C5F-4D89-93ED-5C444BCC9283} = {B2925406-0C5F-4D89-93ED-5C444BCC9283}
		{AC7B9F51-CDB9-4CE8-856B-62BE3241F803} = {AC7B9F51-CDB9-4CE8-856B-62BE3241F803}
		{9EAE1F75-643A-43F9-9F91-959F23EED1AE} = {9EAE1F75-643A-43F9-9F91-959F23EED1AE}
		{313728B6-BD4A-40F9-B873-BAD2630CA376} = {313728B6-BD4A-40F9-B873-BAD2630CA376}
		{5FC9B6FF-5E2A-43E5-841E-CE206E06E866} = {5FC9B6FF-5E2A-43E5-841E-CE206E06E866}
	EndProjectSection
EndProject
Project("{8BC9CEB8-8B4A-11D0-8D11-00A0C91BC942}") = "SMCIS", "SMCIS\SMCIS.vcxproj", "{9F6FE2FC-7332-467A-9173-822BE9F9AE3F}"
	ProjectSection(ProjectDependencies) = postProject
		{B2925406-0C5F-4D89-93ED-5C444BCC9283} = {B2925406-0C5F-4D89-93ED-5C444BCC9283}
		{AC7B9F51-CDB9-4CE8-856B-62BE3241F803} = {AC7B9F51-CDB9-4CE8-856B-62BE3241F803}
		{9EAE1F75-643A-43F9-9F91-959F23EED1AE} = {9EAE1F75-643A-43F9-9F91-959F23EED1AE}
		{3C31E0AD-095E-4084-B30D-09ADBDC14C30} = {3C31E0AD-095E-4084-B30D-09ADBDC14C30}
		{313728B6-BD4A-40F9-B873-BAD2630CA376} = {313728B6-BD4A-40F9-B873-BAD2630CA376}
		{8A2177C2-5FB7-4247-89BA-65ED7E19D854} = {8A2177C2-5FB7-4247-89BA-65ED7E19D854}
		{250042FB-9FC3-49D3-8E88-2554F668B477} = {250042FB-9FC3-49D3-8E88-2554F668B477}
		{5FC9B6FF-5E2A-43E5-841E-CE206E06E866} = {5FC9B6FF-5E2A-43E5-841E-CE206E06E866}
	EndProjectSection
EndProject
Project("{8BC9CEB8-8B4A-11D0-8D11-00A0C91BC942}") = "CTestFrom1", "CTestFrom1\CTestFrom1.vcxproj", "{D01416FD-5E1C-48D3-1B04-0B1589198A82}"
EndProject
Project("{8BC9CEB8-8B4A-11D0-8D11-00A0C91BC942}") = "NHDetCommModu", "NHDetCommModu\NHDetCommModu.vcxproj", "{250042FB-9FC3-49D3-8E88-2554F668B477}"
	ProjectSection(ProjectDependencies) = postProject
		{355C2331-5163-4634-B835-0B3175DE89C4} = {355C2331-5163-4634-B835-0B3175DE89C4}
		{9EAE1F75-643A-43F9-9F91-959F23EED1AE} = {9EAE1F75-643A-43F9-9F91-959F23EED1AE}
		{5FC9B6FF-5E2A-43E5-841E-CE206E06E866} = {5FC9B6FF-5E2A-43E5-841E-CE206E06E866}
	EndProjectSection
EndProject
Project("{8BC9CEB8-8B4A-11D0-8D11-00A0C91BC942}") = "GAConstDef", "GAConstDef\GAConstDef.vcxproj", "{355C2331-5163-4634-B835-0B3175DE89C4}"
EndProject
Project("{2150E333-8FDC-42A3-9474-1A3956D46DE8}") = "联网", "联网", "{A63C95D7-4E65-4F43-BB66-F066545F4BCF}"
EndProject
Project("{8BC9CEB8-8B4A-11D0-8D11-00A0C91BC942}") = "WebSerLib", "WebSerLib\GAWebServiceLib.vcxproj", "{3C31E0AD-095E-4084-B30D-09ADBDC14C30}"
	ProjectSection(ProjectDependencies) = postProject
		{B2925406-0C5F-4D89-93ED-5C444BCC9283} = {B2925406-0C5F-4D89-93ED-5C444BCC9283}
		{DA5B6613-9A22-4C4F-8CE6-57EA6B304397} = {DA5B6613-9A22-4C4F-8CE6-57EA6B304397}
		{087DC11B-AF8F-409E-8FCB-160D69F08F58} = {087DC11B-AF8F-409E-8FCB-160D69F08F58}
		{73AEDA27-DBEB-4B66-A7A9-34FFF6C841CC} = {73AEDA27-DBEB-4B66-A7A9-34FFF6C841CC}
		{BD558029-E71B-4D74-8D50-5F16E644B46C} = {BD558029-E71B-4D74-8D50-5F16E644B46C}
		{50715437-B9EC-4BB5-A20E-EE81E451BA0C} = {50715437-B9EC-4BB5-A20E-EE81E451BA0C}
		{57365345-8BD8-4239-BD3D-CC30F34AEF9A} = {57365345-8BD8-4239-BD3D-CC30F34AEF9A}
		{AC7B9F51-CDB9-4CE8-856B-62BE3241F803} = {AC7B9F51-CDB9-4CE8-856B-62BE3241F803}
		{5CB74253-3797-4324-BAC6-145E15E9FDE0} = {5CB74253-3797-4324-BAC6-145E15E9FDE0}
		{65DF325C-210F-4930-AF8D-835E737C31CD} = {65DF325C-210F-4930-AF8D-835E737C31CD}
		{0BA62369-1024-4A9B-9AB7-AF3EB50A3145} = {0BA62369-1024-4A9B-9AB7-AF3EB50A3145}
		{9EAE1F75-643A-43F9-9F91-959F23EED1AE} = {9EAE1F75-643A-43F9-9F91-959F23EED1AE}
		{58F54084-ED95-45D1-8291-FF61696E1A1E} = {58F54084-ED95-45D1-8291-FF61696E1A1E}
		{A6BE92AD-9598-4124-A418-192DB6FDF766} = {A6BE92AD-9598-4124-A418-192DB6FDF766}
		{313728B6-BD4A-40F9-B873-BAD2630CA376} = {313728B6-BD4A-40F9-B873-BAD2630CA376}
		{51CAE5C1-65F5-4429-80D0-CB6041307BE4} = {51CAE5C1-65F5-4429-80D0-CB6041307BE4}
		{8A2177C2-5FB7-4247-89BA-65ED7E19D854} = {8A2177C2-5FB7-4247-89BA-65ED7E19D854}
		{74D3D9E6-AAFB-417D-B9F3-BD075794721F} = {74D3D9E6-AAFB-417D-B9F3-BD075794721F}
		{4B8A7BF7-1B73-4597-AB04-ECC0B7BE751A} = {4B8A7BF7-1B73-4597-AB04-ECC0B7BE751A}
		{250042FB-9FC3-49D3-8E88-2554F668B477} = {250042FB-9FC3-49D3-8E88-2554F668B477}
		{5FC9B6FF-5E2A-43E5-841E-CE206E06E866} = {5FC9B6FF-5E2A-43E5-841E-CE206E06E866}
	EndProjectSection
EndProject
Project("{8BC9CEB8-8B4A-11D0-8D11-00A0C91BC942}") = "ACIntLib", "ACIntLib\ACInterfaceLib.vcxproj", "{73AEDA27-DBEB-4B66-A7A9-34FFF6C841CC}"
EndProject
Project("{8BC9CEB8-8B4A-11D0-8D11-00A0C91BC942}") = "ACPDADB", "ACPDADB\PDADBDAL.vcxproj", "{8A2177C2-5FB7-4247-89BA-65ED7E19D854}"
EndProject
Project("{8BC9CEB8-8B4A-11D0-8D11-00A0C91BC942}") = "GAInterfaceLib_V1.0", "GAInterfaceLib_V1.0\GAInterfaceLib_V1.0.vcxproj", "{51CAE5C1-65F5-4429-80D0-CB6041307BE4}"
EndProject
Project("{8BC9CEB8-8B4A-11D0-8D11-00A0C91BC942}") = "GAInterfaceLib_V2.0", "GAInterfaceLib_V2.0\GAInterfaceLib_V2.0.vcxproj", "{5CB74253-3797-4324-BAC6-145E15E9FDE0}"
EndProject
Project("{8BC9CEB8-8B4A-11D0-8D11-00A0C91BC942}") = "UpPhotoToGA", "UpPhotoToGA\UpPhotoToGA.vcxproj", "{CFC811AE-661E-4731-9E39-BF8D989E35F7}"
EndProject
Project("{2150E333-8FDC-42A3-9474-1A3956D46DE8}") = "数据库", "数据库", "{194456A8-DD71-40E4-8999-1B22AA436294}"
	ProjectSection(SolutionItems) = preProject
		数据库\Bill_Of_Arrears.sql = 数据库\Bill_Of_Arrears.sql
		数据库\Bill_Of_Arrears.xls = 数据库\Bill_Of_Arrears.xls
		数据库\Charge.xls = 数据库\Charge.xls
		数据库\Charge_DetType.sql = 数据库\Charge_DetType.sql
		数据库\Charge_DetType.xls = 数据库\Charge_DetType.xls
		数据库\Charge_log_record.sql = 数据库\Charge_log_record.sql
		数据库\Charge_log_record.xls = 数据库\Charge_log_record.xls
		数据库\Charge增加字段.sql = 数据库\Charge增加字段.sql
		数据库\Charge表.sql = 数据库\Charge表.sql
		数据库\Fee_Items.xls = 数据库\Fee_Items.xls
		数据库\Fee_Items表.sql = 数据库\Fee_Items表.sql
		数据库\Miscellaneous_Charges.sql = 数据库\Miscellaneous_Charges.sql
		数据库\Miscellaneous_Charges.xls = 数据库\Miscellaneous_Charges.xls
		数据库\Payee_Maintenance.sql = 数据库\Payee_Maintenance.sql
		数据库\Payee_Maintenance.xls = 数据库\Payee_Maintenance.xls
		数据库\Toll_Operator.xls = 数据库\Toll_Operator.xls
		数据库\Toll_Operator表.sql = 数据库\Toll_Operator表.sql
	EndProjectSection
EndProject
Project("{8BC9CEB8-8B4A-11D0-8D11-00A0C91BC942}") = "ACPostGetLib", "ACPostGetLib\ACPostGetLib.vcxproj", "{0BA62369-1024-4A9B-9AB7-AF3EB50A3145}"
EndProject
Project("{8BC9CEB8-8B4A-11D0-8D11-00A0C91BC942}") = "GAInterfaceLib_V3.0", "GAInterfaceLib_V3.0\GAInterfaceLib_V3.0.vcxproj", "{BD558029-E71B-4D74-8D50-5F16E644B46C}"
EndProject
Project("{8BC9CEB8-8B4A-11D0-8D11-00A0C91BC942}") = "JsonnLib", "JsonnLib\JsonnLib.vcxproj", "{A6BE92AD-9598-4124-A418-192DB6FDF766}"
EndProject
Project("{8BC9CEB8-8B4A-11D0-8D11-00A0C91BC942}") = "MDODim", "MDODim\MDODim.vcxproj", "{5540052C-4918-4CAE-B90B-D56685B7CA8F}"
	ProjectSection(ProjectDependencies) = postProject
		{B2925406-0C5F-4D89-93ED-5C444BCC9283} = {B2925406-0C5F-4D89-93ED-5C444BCC9283}
		{087DC11B-AF8F-409E-8FCB-160D69F08F58} = {087DC11B-AF8F-409E-8FCB-160D69F08F58}
		{73AEDA27-DBEB-4B66-A7A9-34FFF6C841CC} = {73AEDA27-DBEB-4B66-A7A9-34FFF6C841CC}
		{BD558029-E71B-4D74-8D50-5F16E644B46C} = {BD558029-E71B-4D74-8D50-5F16E644B46C}
		{AC7B9F51-CDB9-4CE8-856B-62BE3241F803} = {AC7B9F51-CDB9-4CE8-856B-62BE3241F803}
		{5CB74253-3797-4324-BAC6-145E15E9FDE0} = {5CB74253-3797-4324-BAC6-145E15E9FDE0}
		{65DF325C-210F-4930-AF8D-835E737C31CD} = {65DF325C-210F-4930-AF8D-835E737C31CD}
		{0BA62369-1024-4A9B-9AB7-AF3EB50A3145} = {0BA62369-1024-4A9B-9AB7-AF3EB50A3145}
		{9EAE1F75-643A-43F9-9F91-959F23EED1AE} = {9EAE1F75-643A-43F9-9F91-959F23EED1AE}
		{58F54084-ED95-45D1-8291-FF61696E1A1E} = {58F54084-ED95-45D1-8291-FF61696E1A1E}
		{A6BE92AD-9598-4124-A418-192DB6FDF766} = {A6BE92AD-9598-4124-A418-192DB6FDF766}
		{3C31E0AD-095E-4084-B30D-09ADBDC14C30} = {3C31E0AD-095E-4084-B30D-09ADBDC14C30}
		{313728B6-BD4A-40F9-B873-BAD2630CA376} = {313728B6-BD4A-40F9-B873-BAD2630CA376}
		{51CAE5C1-65F5-4429-80D0-CB6041307BE4} = {51CAE5C1-65F5-4429-80D0-CB6041307BE4}
		{8A2177C2-5FB7-4247-89BA-65ED7E19D854} = {8A2177C2-5FB7-4247-89BA-65ED7E19D854}
		{250042FB-9FC3-49D3-8E88-2554F668B477} = {250042FB-9FC3-49D3-8E88-2554F668B477}
		{5FC9B6FF-5E2A-43E5-841E-CE206E06E866} = {5FC9B6FF-5E2A-43E5-841E-CE206E06E866}
	EndProjectSection
EndProject
Project("{8BC9CEB8-8B4A-11D0-8D11-00A0C91BC942}") = "HCIntLib", "HCIntLib\HCIntLib.vcxproj", "{58F54084-ED95-45D1-8291-FF61696E1A1E}"
EndProject
Project("{8BC9CEB8-8B4A-11D0-8D11-00A0C91BC942}") = "CTKJIntLib", "CTKJIntLib\CTKJIntLib.vcxproj", "{087DC11B-AF8F-409E-8FCB-160D69F08F58}"
EndProject
Project("{8BC9CEB8-8B4A-11D0-8D11-00A0C91BC942}") = "NHCerModu", "NHCerModu\NHCerModu.vcxproj", "{5739C567-8F52-4FB7-8D57-466880158F5D}"
EndProject
Project("{8BC9CEB8-8B4A-11D0-8D11-00A0C91BC942}") = "CerVerInfo", "CerVerInfo\CerVerInfo.vcxproj", "{74D3D9E6-AAFB-417D-B9F3-BD075794721F}"
	ProjectSection(ProjectDependencies) = postProject
		{5739C567-8F52-4FB7-8D57-466880158F5D} = {5739C567-8F52-4FB7-8D57-466880158F5D}
	EndProjectSection
EndProject
Project("{2150E333-8FDC-42A3-9474-1A3956D46DE8}") = "华康拍照流程", "华康拍照流程", "{A7484E25-880E-436D-8684-D5A4B2E574A0}"
EndProject
Project("{8BC9CEB8-8B4A-11D0-8D11-00A0C91BC942}") = "GAVideoSDK", "GAVideoSDK\GAVideoSDK.vcxproj", "{3D79BC1C-5D3B-46DC-A9E0-ED5CBF85BCC2}"
EndProject
Project("{8BC9CEB8-8B4A-11D0-8D11-00A0C91BC942}") = "HKVidSnLib", "GAVideoSnapLib\GAVideoSnapLib.vcxproj", "{65DF325C-210F-4930-AF8D-835E737C31CD}"
EndProject
Project("{8BC9CEB8-8B4A-11D0-8D11-00A0C91BC942}") = "AZCIntLib", "AZCIntLib\AZCIntLib.vcxproj", "{4B8A7BF7-1B73-4597-AB04-ECC0B7BE751A}"
EndProject
Project("{8BC9CEB8-8B4A-11D0-8D11-00A0C91BC942}") = "AZCIntLib_Two", "AZCIntLib_Two\AZCIntLib_Two.vcxproj", "{57365345-8BD8-4239-BD3D-CC30F34AEF9A}"
EndProject
Project("{8BC9CEB8-8B4A-11D0-8D11-00A0C91BC942}") = "PDAOnLine", "PDAOnLine\PDAOnLine.vcxproj", "{3F7AFEA8-8B9B-4EBC-9999-884BB36E0D72}"
EndProject
Project("{8BC9CEB8-8B4A-11D0-8D11-00A0C91BC942}") = "NHCommand", "NHCommand\NHCommand.vcxproj", "{62DAF93A-678E-4D3D-AEEB-ED99F25D6F0D}"
EndProject
Project("{8BC9CEB8-8B4A-11D0-8D11-00A0C91BC942}") = "HYIntLib", "HYIntLib\HYIntLib.vcxproj", "{DA5B6613-9A22-4C4F-8CE6-57EA6B304397}"
EndProject
Project("{2150E333-8FDC-42A3-9474-1A3956D46DE8}") = "远程控制桌面", "远程控制桌面", "{9BE8AA98-62F4-4C6A-B96F-7BA2F49B2052}"
EndProject
Project("{8BC9CEB8-8B4A-11D0-8D11-00A0C91BC942}") = "SreenClient", "SreenClient\SreenClient.vcxproj", "{58313FEF-6FEE-242F-DC8A-B168312BBBEC}"
EndProject
Project("{8BC9CEB8-8B4A-11D0-8D11-00A0C91BC942}") = "SreenServer", "SreenServer\SreenServer.vcxproj", "{CC5F7898-455E-26FF-A7E0-2BDCBDF131E5}"
EndProject
Project("{8BC9CEB8-8B4A-11D0-8D11-00A0C91BC942}") = "HGBYInterfaceLib_GZ", "HGBYInterfaceLib_GZ\HGBYInterfaceLib_GZ.vcxproj", "{50715437-B9EC-4BB5-A20E-EE81E451BA0C}"
EndProject
Project("{8BC9CEB8-8B4A-11D0-8D11-00A0C91BC942}") = "SCXDIntLib", "SCXDIntLib\SCXDIntLib.vcxproj", "{469C06C1-42EC-4312-A0C4-E04AB20ADDBA}"
EndProject
Project("{8BC9CEB8-8B4A-11D0-8D11-00A0C91BC942}") = "SSIntLib", "SSIntLib\SSIntLib.vcxproj", "{6FCB8DE2-AAA0-4DE0-B99D-E9189E3009F3}"
EndProject
Global
	GlobalSection(SolutionConfigurationPlatforms) = preSolution
		Debug|Win32 = Debug|Win32
		Release|Win32 = Release|Win32
		Template|Win32 = Template|Win32
	EndGlobalSection
	GlobalSection(ProjectConfigurationPlatforms) = postSolution
		{5FC9B6FF-5E2A-43E5-841E-CE206E06E866}.Debug|Win32.ActiveCfg = Debug|Win32
		{5FC9B6FF-5E2A-43E5-841E-CE206E06E866}.Debug|Win32.Build.0 = Debug|Win32
		{5FC9B6FF-5E2A-43E5-841E-CE206E06E866}.Release|Win32.ActiveCfg = Release|Win32
		{5FC9B6FF-5E2A-43E5-841E-CE206E06E866}.Release|Win32.Build.0 = Release|Win32
		{5FC9B6FF-5E2A-43E5-841E-CE206E06E866}.Template|Win32.ActiveCfg = Release|Win32
		{5FC9B6FF-5E2A-43E5-841E-CE206E06E866}.Template|Win32.Build.0 = Release|Win32
		{AC7B9F51-CDB9-4CE8-856B-62BE3241F803}.Debug|Win32.ActiveCfg = Debug|Win32
		{AC7B9F51-CDB9-4CE8-856B-62BE3241F803}.Debug|Win32.Build.0 = Debug|Win32
		{AC7B9F51-CDB9-4CE8-856B-62BE3241F803}.Release|Win32.ActiveCfg = Release|Win32
		{AC7B9F51-CDB9-4CE8-856B-62BE3241F803}.Release|Win32.Build.0 = Release|Win32
		{AC7B9F51-CDB9-4CE8-856B-62BE3241F803}.Template|Win32.ActiveCfg = Release|Win32
		{AC7B9F51-CDB9-4CE8-856B-62BE3241F803}.Template|Win32.Build.0 = Release|Win32
		{B2925406-0C5F-4D89-93ED-5C444BCC9283}.Debug|Win32.ActiveCfg = Debug|Win32
		{B2925406-0C5F-4D89-93ED-5C444BCC9283}.Debug|Win32.Build.0 = Debug|Win32
		{B2925406-0C5F-4D89-93ED-5C444BCC9283}.Release|Win32.ActiveCfg = Release|Win32
		{B2925406-0C5F-4D89-93ED-5C444BCC9283}.Release|Win32.Build.0 = Release|Win32
		{B2925406-0C5F-4D89-93ED-5C444BCC9283}.Template|Win32.ActiveCfg = Release|Win32
		{B2925406-0C5F-4D89-93ED-5C444BCC9283}.Template|Win32.Build.0 = Release|Win32
		{313728B6-BD4A-40F9-B873-BAD2630CA376}.Debug|Win32.ActiveCfg = Debug|Win32
		{313728B6-BD4A-40F9-B873-BAD2630CA376}.Debug|Win32.Build.0 = Debug|Win32
		{313728B6-BD4A-40F9-B873-BAD2630CA376}.Release|Win32.ActiveCfg = Release|Win32
		{313728B6-BD4A-40F9-B873-BAD2630CA376}.Release|Win32.Build.0 = Release|Win32
		{313728B6-BD4A-40F9-B873-BAD2630CA376}.Template|Win32.ActiveCfg = Release|Win32
		{313728B6-BD4A-40F9-B873-BAD2630CA376}.Template|Win32.Build.0 = Release|Win32
		{9EAE1F75-643A-43F9-9F91-959F23EED1AE}.Debug|Win32.ActiveCfg = Debug|Win32
		{9EAE1F75-643A-43F9-9F91-959F23EED1AE}.Debug|Win32.Build.0 = Debug|Win32
		{9EAE1F75-643A-43F9-9F91-959F23EED1AE}.Release|Win32.ActiveCfg = Release|Win32
		{9EAE1F75-643A-43F9-9F91-959F23EED1AE}.Release|Win32.Build.0 = Release|Win32
		{9EAE1F75-643A-43F9-9F91-959F23EED1AE}.Template|Win32.ActiveCfg = Release|Win32
		{9EAE1F75-643A-43F9-9F91-959F23EED1AE}.Template|Win32.Build.0 = Release|Win32
		{5C651311-A998-4174-9359-93A6AB31D257}.Debug|Win32.ActiveCfg = Debug|Win32
		{5C651311-A998-4174-9359-93A6AB31D257}.Debug|Win32.Build.0 = Debug|Win32
		{5C651311-A998-4174-9359-93A6AB31D257}.Release|Win32.ActiveCfg = Release|Win32
		{5C651311-A998-4174-9359-93A6AB31D257}.Release|Win32.Build.0 = Release|Win32
		{5C651311-A998-4174-9359-93A6AB31D257}.Template|Win32.ActiveCfg = Release|Win32
		{5C651311-A998-4174-9359-93A6AB31D257}.Template|Win32.Build.0 = Release|Win32
		{9F6FE2FC-7332-467A-9173-822BE9F9AE3F}.Debug|Win32.ActiveCfg = Debug|Win32
		{9F6FE2FC-7332-467A-9173-822BE9F9AE3F}.Debug|Win32.Build.0 = Debug|Win32
		{9F6FE2FC-7332-467A-9173-822BE9F9AE3F}.Release|Win32.ActiveCfg = Release|Win32
		{9F6FE2FC-7332-467A-9173-822BE9F9AE3F}.Release|Win32.Build.0 = Release|Win32
		{9F6FE2FC-7332-467A-9173-822BE9F9AE3F}.Template|Win32.ActiveCfg = Release|Win32
		{9F6FE2FC-7332-467A-9173-822BE9F9AE3F}.Template|Win32.Build.0 = Release|Win32
		{D01416FD-5E1C-48D3-1B04-0B1589198A82}.Debug|Win32.ActiveCfg = Debug|Win32
		{D01416FD-5E1C-48D3-1B04-0B1589198A82}.Debug|Win32.Build.0 = Debug|Win32
		{D01416FD-5E1C-48D3-1B04-0B1589198A82}.Release|Win32.ActiveCfg = Release|Win32
		{D01416FD-5E1C-48D3-1B04-0B1589198A82}.Release|Win32.Build.0 = Release|Win32
		{D01416FD-5E1C-48D3-1B04-0B1589198A82}.Template|Win32.ActiveCfg = Release|Win32
		{D01416FD-5E1C-48D3-1B04-0B1589198A82}.Template|Win32.Build.0 = Release|Win32
		{250042FB-9FC3-49D3-8E88-2554F668B477}.Debug|Win32.ActiveCfg = Debug|Win32
		{250042FB-9FC3-49D3-8E88-2554F668B477}.Debug|Win32.Build.0 = Debug|Win32
		{250042FB-9FC3-49D3-8E88-2554F668B477}.Release|Win32.ActiveCfg = Release|Win32
		{250042FB-9FC3-49D3-8E88-2554F668B477}.Release|Win32.Build.0 = Release|Win32
		{250042FB-9FC3-49D3-8E88-2554F668B477}.Template|Win32.ActiveCfg = Release|Win32
		{250042FB-9FC3-49D3-8E88-2554F668B477}.Template|Win32.Build.0 = Release|Win32
		{355C2331-5163-4634-B835-0B3175DE89C4}.Debug|Win32.ActiveCfg = Debug|Win32
		{355C2331-5163-4634-B835-0B3175DE89C4}.Debug|Win32.Build.0 = Debug|Win32
		{355C2331-5163-4634-B835-0B3175DE89C4}.Release|Win32.ActiveCfg = Release|Win32
		{355C2331-5163-4634-B835-0B3175DE89C4}.Release|Win32.Build.0 = Release|Win32
		{355C2331-5163-4634-B835-0B3175DE89C4}.Template|Win32.ActiveCfg = Release|Win32
		{355C2331-5163-4634-B835-0B3175DE89C4}.Template|Win32.Build.0 = Release|Win32
		{3C31E0AD-095E-4084-B30D-09ADBDC14C30}.Debug|Win32.ActiveCfg = Debug|Win32
		{3C31E0AD-095E-4084-B30D-09ADBDC14C30}.Debug|Win32.Build.0 = Debug|Win32
		{3C31E0AD-095E-4084-B30D-09ADBDC14C30}.Release|Win32.ActiveCfg = Release|Win32
		{3C31E0AD-095E-4084-B30D-09ADBDC14C30}.Release|Win32.Build.0 = Release|Win32
		{3C31E0AD-095E-4084-B30D-09ADBDC14C30}.Template|Win32.ActiveCfg = Release|Win32
		{3C31E0AD-095E-4084-B30D-09ADBDC14C30}.Template|Win32.Build.0 = Release|Win32
		{73AEDA27-DBEB-4B66-A7A9-34FFF6C841CC}.Debug|Win32.ActiveCfg = Debug|Win32
		{73AEDA27-DBEB-4B66-A7A9-34FFF6C841CC}.Debug|Win32.Build.0 = Debug|Win32
		{73AEDA27-DBEB-4B66-A7A9-34FFF6C841CC}.Release|Win32.ActiveCfg = Release|Win32
		{73AEDA27-DBEB-4B66-A7A9-34FFF6C841CC}.Release|Win32.Build.0 = Release|Win32
		{73AEDA27-DBEB-4B66-A7A9-34FFF6C841CC}.Template|Win32.ActiveCfg = Release|Win32
		{73AEDA27-DBEB-4B66-A7A9-34FFF6C841CC}.Template|Win32.Build.0 = Release|Win32
		{8A2177C2-5FB7-4247-89BA-65ED7E19D854}.Debug|Win32.ActiveCfg = Debug|Win32
		{8A2177C2-5FB7-4247-89BA-65ED7E19D854}.Debug|Win32.Build.0 = Debug|Win32
		{8A2177C2-5FB7-4247-89BA-65ED7E19D854}.Release|Win32.ActiveCfg = Release|Win32
		{8A2177C2-5FB7-4247-89BA-65ED7E19D854}.Release|Win32.Build.0 = Release|Win32
		{8A2177C2-5FB7-4247-89BA-65ED7E19D854}.Template|Win32.ActiveCfg = Release|Win32
		{8A2177C2-5FB7-4247-89BA-65ED7E19D854}.Template|Win32.Build.0 = Release|Win32
		{51CAE5C1-65F5-4429-80D0-CB6041307BE4}.Debug|Win32.ActiveCfg = Debug|Win32
		{51CAE5C1-65F5-4429-80D0-CB6041307BE4}.Debug|Win32.Build.0 = Debug|Win32
		{51CAE5C1-65F5-4429-80D0-CB6041307BE4}.Release|Win32.ActiveCfg = Release|Win32
		{51CAE5C1-65F5-4429-80D0-CB6041307BE4}.Release|Win32.Build.0 = Release|Win32
		{51CAE5C1-65F5-4429-80D0-CB6041307BE4}.Template|Win32.ActiveCfg = Release|Win32
		{51CAE5C1-65F5-4429-80D0-CB6041307BE4}.Template|Win32.Build.0 = Release|Win32
		{5CB74253-3797-4324-BAC6-145E15E9FDE0}.Debug|Win32.ActiveCfg = Debug|Win32
		{5CB74253-3797-4324-BAC6-145E15E9FDE0}.Debug|Win32.Build.0 = Debug|Win32
		{5CB74253-3797-4324-BAC6-145E15E9FDE0}.Release|Win32.ActiveCfg = Release|Win32
		{5CB74253-3797-4324-BAC6-145E15E9FDE0}.Release|Win32.Build.0 = Release|Win32
		{5CB74253-3797-4324-BAC6-145E15E9FDE0}.Template|Win32.ActiveCfg = Release|Win32
		{5CB74253-3797-4324-BAC6-145E15E9FDE0}.Template|Win32.Build.0 = Release|Win32
		{CFC811AE-661E-4731-9E39-BF8D989E35F7}.Debug|Win32.ActiveCfg = Debug|Win32
		{CFC811AE-661E-4731-9E39-BF8D989E35F7}.Debug|Win32.Build.0 = Debug|Win32
		{CFC811AE-661E-4731-9E39-BF8D989E35F7}.Release|Win32.ActiveCfg = Release|Win32
		{CFC811AE-661E-4731-9E39-BF8D989E35F7}.Release|Win32.Build.0 = Release|Win32
		{CFC811AE-661E-4731-9E39-BF8D989E35F7}.Template|Win32.ActiveCfg = Release|Win32
		{CFC811AE-661E-4731-9E39-BF8D989E35F7}.Template|Win32.Build.0 = Release|Win32
		{0BA62369-1024-4A9B-9AB7-AF3EB50A3145}.Debug|Win32.ActiveCfg = Debug|Win32
		{0BA62369-1024-4A9B-9AB7-AF3EB50A3145}.Debug|Win32.Build.0 = Debug|Win32
		{0BA62369-1024-4A9B-9AB7-AF3EB50A3145}.Release|Win32.ActiveCfg = Release|Win32
		{0BA62369-1024-4A9B-9AB7-AF3EB50A3145}.Release|Win32.Build.0 = Release|Win32
		{0BA62369-1024-4A9B-9AB7-AF3EB50A3145}.Template|Win32.ActiveCfg = Release|Win32
		{0BA62369-1024-4A9B-9AB7-AF3EB50A3145}.Template|Win32.Build.0 = Release|Win32
		{BD558029-E71B-4D74-8D50-5F16E644B46C}.Debug|Win32.ActiveCfg = Debug|Win32
		{BD558029-E71B-4D74-8D50-5F16E644B46C}.Debug|Win32.Build.0 = Debug|Win32
		{BD558029-E71B-4D74-8D50-5F16E644B46C}.Release|Win32.ActiveCfg = Release|Win32
		{BD558029-E71B-4D74-8D50-5F16E644B46C}.Release|Win32.Build.0 = Release|Win32
		{BD558029-E71B-4D74-8D50-5F16E644B46C}.Template|Win32.ActiveCfg = Release|Win32
		{BD558029-E71B-4D74-8D50-5F16E644B46C}.Template|Win32.Build.0 = Release|Win32
		{A6BE92AD-9598-4124-A418-192DB6FDF766}.Debug|Win32.ActiveCfg = Debug|Win32
		{A6BE92AD-9598-4124-A418-192DB6FDF766}.Debug|Win32.Build.0 = Debug|Win32
		{A6BE92AD-9598-4124-A418-192DB6FDF766}.Release|Win32.ActiveCfg = Release|Win32
		{A6BE92AD-9598-4124-A418-192DB6FDF766}.Release|Win32.Build.0 = Release|Win32
		{A6BE92AD-9598-4124-A418-192DB6FDF766}.Template|Win32.ActiveCfg = Release|Win32
		{A6BE92AD-9598-4124-A418-192DB6FDF766}.Template|Win32.Build.0 = Release|Win32
		{5540052C-4918-4CAE-B90B-D56685B7CA8F}.Debug|Win32.ActiveCfg = Debug|Win32
		{5540052C-4918-4CAE-B90B-D56685B7CA8F}.Debug|Win32.Build.0 = Debug|Win32
		{5540052C-4918-4CAE-B90B-D56685B7CA8F}.Release|Win32.ActiveCfg = Release|Win32
		{5540052C-4918-4CAE-B90B-D56685B7CA8F}.Release|Win32.Build.0 = Release|Win32
		{5540052C-4918-4CAE-B90B-D56685B7CA8F}.Template|Win32.ActiveCfg = Release|Win32
		{5540052C-4918-4CAE-B90B-D56685B7CA8F}.Template|Win32.Build.0 = Release|Win32
		{58F54084-ED95-45D1-8291-FF61696E1A1E}.Debug|Win32.ActiveCfg = Debug|Win32
		{58F54084-ED95-45D1-8291-FF61696E1A1E}.Debug|Win32.Build.0 = Debug|Win32
		{58F54084-ED95-45D1-8291-FF61696E1A1E}.Release|Win32.ActiveCfg = Release|Win32
		{58F54084-ED95-45D1-8291-FF61696E1A1E}.Release|Win32.Build.0 = Release|Win32
		{58F54084-ED95-45D1-8291-FF61696E1A1E}.Template|Win32.ActiveCfg = Release|Win32
		{58F54084-ED95-45D1-8291-FF61696E1A1E}.Template|Win32.Build.0 = Release|Win32
		{087DC11B-AF8F-409E-8FCB-160D69F08F58}.Debug|Win32.ActiveCfg = Debug|Win32
		{087DC11B-AF8F-409E-8FCB-160D69F08F58}.Debug|Win32.Build.0 = Debug|Win32
		{087DC11B-AF8F-409E-8FCB-160D69F08F58}.Release|Win32.ActiveCfg = Release|Win32
		{087DC11B-AF8F-409E-8FCB-160D69F08F58}.Release|Win32.Build.0 = Release|Win32
		{087DC11B-AF8F-409E-8FCB-160D69F08F58}.Template|Win32.ActiveCfg = Release|Win32
		{087DC11B-AF8F-409E-8FCB-160D69F08F58}.Template|Win32.Build.0 = Release|Win32
		{5739C567-8F52-4FB7-8D57-466880158F5D}.Debug|Win32.ActiveCfg = Debug|Win32
		{5739C567-8F52-4FB7-8D57-466880158F5D}.Debug|Win32.Build.0 = Debug|Win32
		{5739C567-8F52-4FB7-8D57-466880158F5D}.Release|Win32.ActiveCfg = Release|Win32
		{5739C567-8F52-4FB7-8D57-466880158F5D}.Release|Win32.Build.0 = Release|Win32
		{5739C567-8F52-4FB7-8D57-466880158F5D}.Template|Win32.ActiveCfg = Release|Win32
		{5739C567-8F52-4FB7-8D57-466880158F5D}.Template|Win32.Build.0 = Release|Win32
		{74D3D9E6-AAFB-417D-B9F3-BD075794721F}.Debug|Win32.ActiveCfg = Debug|Win32
		{74D3D9E6-AAFB-417D-B9F3-BD075794721F}.Debug|Win32.Build.0 = Debug|Win32
		{74D3D9E6-AAFB-417D-B9F3-BD075794721F}.Release|Win32.ActiveCfg = Release|Win32
		{74D3D9E6-AAFB-417D-B9F3-BD075794721F}.Release|Win32.Build.0 = Release|Win32
		{74D3D9E6-AAFB-417D-B9F3-BD075794721F}.Template|Win32.ActiveCfg = Release|Win32
		{74D3D9E6-AAFB-417D-B9F3-BD075794721F}.Template|Win32.Build.0 = Release|Win32
		{3D79BC1C-5D3B-46DC-A9E0-ED5CBF85BCC2}.Debug|Win32.ActiveCfg = Debug|Win32
		{3D79BC1C-5D3B-46DC-A9E0-ED5CBF85BCC2}.Debug|Win32.Build.0 = Debug|Win32
		{3D79BC1C-5D3B-46DC-A9E0-ED5CBF85BCC2}.Release|Win32.ActiveCfg = Release|Win32
		{3D79BC1C-5D3B-46DC-A9E0-ED5CBF85BCC2}.Release|Win32.Build.0 = Release|Win32
		{3D79BC1C-5D3B-46DC-A9E0-ED5CBF85BCC2}.Template|Win32.ActiveCfg = Release|Win32
		{3D79BC1C-5D3B-46DC-A9E0-ED5CBF85BCC2}.Template|Win32.Build.0 = Release|Win32
		{65DF325C-210F-4930-AF8D-835E737C31CD}.Debug|Win32.ActiveCfg = Debug|Win32
		{65DF325C-210F-4930-AF8D-835E737C31CD}.Debug|Win32.Build.0 = Debug|Win32
		{65DF325C-210F-4930-AF8D-835E737C31CD}.Release|Win32.ActiveCfg = Release|Win32
		{65DF325C-210F-4930-AF8D-835E737C31CD}.Release|Win32.Build.0 = Release|Win32
		{65DF325C-210F-4930-AF8D-835E737C31CD}.Template|Win32.ActiveCfg = Release|Win32
		{65DF325C-210F-4930-AF8D-835E737C31CD}.Template|Win32.Build.0 = Release|Win32
		{4B8A7BF7-1B73-4597-AB04-ECC0B7BE751A}.Debug|Win32.ActiveCfg = Debug|Win32
		{4B8A7BF7-1B73-4597-AB04-ECC0B7BE751A}.Debug|Win32.Build.0 = Debug|Win32
		{4B8A7BF7-1B73-4597-AB04-ECC0B7BE751A}.Release|Win32.ActiveCfg = Release|Win32
		{4B8A7BF7-1B73-4597-AB04-ECC0B7BE751A}.Release|Win32.Build.0 = Release|Win32
		{4B8A7BF7-1B73-4597-AB04-ECC0B7BE751A}.Template|Win32.ActiveCfg = Release|Win32
		{4B8A7BF7-1B73-4597-AB04-ECC0B7BE751A}.Template|Win32.Build.0 = Release|Win32
		{57365345-8BD8-4239-BD3D-CC30F34AEF9A}.Debug|Win32.ActiveCfg = Debug|Win32
		{57365345-8BD8-4239-BD3D-CC30F34AEF9A}.Debug|Win32.Build.0 = Debug|Win32
		{57365345-8BD8-4239-BD3D-CC30F34AEF9A}.Release|Win32.ActiveCfg = Release|Win32
		{57365345-8BD8-4239-BD3D-CC30F34AEF9A}.Release|Win32.Build.0 = Release|Win32
		{57365345-8BD8-4239-BD3D-CC30F34AEF9A}.Template|Win32.ActiveCfg = Release|Win32
		{57365345-8BD8-4239-BD3D-CC30F34AEF9A}.Template|Win32.Build.0 = Release|Win32
		{3F7AFEA8-8B9B-4EBC-9999-884BB36E0D72}.Debug|Win32.ActiveCfg = Debug|Win32
		{3F7AFEA8-8B9B-4EBC-9999-884BB36E0D72}.Debug|Win32.Build.0 = Debug|Win32
		{3F7AFEA8-8B9B-4EBC-9999-884BB36E0D72}.Release|Win32.ActiveCfg = Release|Win32
		{3F7AFEA8-8B9B-4EBC-9999-884BB36E0D72}.Release|Win32.Build.0 = Release|Win32
		{3F7AFEA8-8B9B-4EBC-9999-884BB36E0D72}.Template|Win32.ActiveCfg = Release|Win32
		{3F7AFEA8-8B9B-4EBC-9999-884BB36E0D72}.Template|Win32.Build.0 = Release|Win32
		{62DAF93A-678E-4D3D-AEEB-ED99F25D6F0D}.Debug|Win32.ActiveCfg = Debug|Win32
		{62DAF93A-678E-4D3D-AEEB-ED99F25D6F0D}.Debug|Win32.Build.0 = Debug|Win32
		{62DAF93A-678E-4D3D-AEEB-ED99F25D6F0D}.Release|Win32.ActiveCfg = Release|Win32
		{62DAF93A-678E-4D3D-AEEB-ED99F25D6F0D}.Release|Win32.Build.0 = Release|Win32
		{62DAF93A-678E-4D3D-AEEB-ED99F25D6F0D}.Template|Win32.ActiveCfg = Release|Win32
		{62DAF93A-678E-4D3D-AEEB-ED99F25D6F0D}.Template|Win32.Build.0 = Release|Win32
		{DA5B6613-9A22-4C4F-8CE6-57EA6B304397}.Debug|Win32.ActiveCfg = Debug|Win32
		{DA5B6613-9A22-4C4F-8CE6-57EA6B304397}.Debug|Win32.Build.0 = Debug|Win32
		{DA5B6613-9A22-4C4F-8CE6-57EA6B304397}.Release|Win32.ActiveCfg = Release|Win32
		{DA5B6613-9A22-4C4F-8CE6-57EA6B304397}.Release|Win32.Build.0 = Release|Win32
		{DA5B6613-9A22-4C4F-8CE6-57EA6B304397}.Template|Win32.ActiveCfg = Release|Win32
		{DA5B6613-9A22-4C4F-8CE6-57EA6B304397}.Template|Win32.Build.0 = Release|Win32
		{58313FEF-6FEE-242F-DC8A-B168312BBBEC}.Debug|Win32.ActiveCfg = Debug|Win32
		{58313FEF-6FEE-242F-DC8A-B168312BBBEC}.Debug|Win32.Build.0 = Debug|Win32
		{58313FEF-6FEE-242F-DC8A-B168312BBBEC}.Release|Win32.ActiveCfg = Release|Win32
		{58313FEF-6FEE-242F-DC8A-B168312BBBEC}.Release|Win32.Build.0 = Release|Win32
		{58313FEF-6FEE-242F-DC8A-B168312BBBEC}.Template|Win32.ActiveCfg = Release|Win32
		{58313FEF-6FEE-242F-DC8A-B168312BBBEC}.Template|Win32.Build.0 = Release|Win32
		{CC5F7898-455E-26FF-A7E0-2BDCBDF131E5}.Debug|Win32.ActiveCfg = Debug|Win32
		{CC5F7898-455E-26FF-A7E0-2BDCBDF131E5}.Debug|Win32.Build.0 = Debug|Win32
		{CC5F7898-455E-26FF-A7E0-2BDCBDF131E5}.Release|Win32.ActiveCfg = Release|Win32
		{CC5F7898-455E-26FF-A7E0-2BDCBDF131E5}.Release|Win32.Build.0 = Release|Win32
		{CC5F7898-455E-26FF-A7E0-2BDCBDF131E5}.Template|Win32.ActiveCfg = Template|Win32
		{CC5F7898-455E-26FF-A7E0-2BDCBDF131E5}.Template|Win32.Build.0 = Template|Win32
		{50715437-B9EC-4BB5-A20E-EE81E451BA0C}.Debug|Win32.ActiveCfg = Debug|Win32
		{50715437-B9EC-4BB5-A20E-EE81E451BA0C}.Debug|Win32.Build.0 = Debug|Win32
		{50715437-B9EC-4BB5-A20E-EE81E451BA0C}.Release|Win32.ActiveCfg = Release|Win32
		{50715437-B9EC-4BB5-A20E-EE81E451BA0C}.Release|Win32.Build.0 = Release|Win32
		{50715437-B9EC-4BB5-A20E-EE81E451BA0C}.Template|Win32.ActiveCfg = Release|Win32
		{50715437-B9EC-4BB5-A20E-EE81E451BA0C}.Template|Win32.Build.0 = Release|Win32
		{469C06C1-42EC-4312-A0C4-E04AB20ADDBA}.Debug|Win32.ActiveCfg = Debug|Win32
		{469C06C1-42EC-4312-A0C4-E04AB20ADDBA}.Debug|Win32.Build.0 = Debug|Win32
		{469C06C1-42EC-4312-A0C4-E04AB20ADDBA}.Release|Win32.ActiveCfg = Release|Win32
		{469C06C1-42EC-4312-A0C4-E04AB20ADDBA}.Release|Win32.Build.0 = Release|Win32
		{469C06C1-42EC-4312-A0C4-E04AB20ADDBA}.Template|Win32.ActiveCfg = Release|Win32
		{469C06C1-42EC-4312-A0C4-E04AB20ADDBA}.Template|Win32.Build.0 = Release|Win32
		{6FCB8DE2-AAA0-4DE0-B99D-E9189E3009F3}.Debug|Win32.ActiveCfg = Debug|Win32
		{6FCB8DE2-AAA0-4DE0-B99D-E9189E3009F3}.Debug|Win32.Build.0 = Debug|Win32
		{6FCB8DE2-AAA0-4DE0-B99D-E9189E3009F3}.Release|Win32.ActiveCfg = Release|Win32
		{6FCB8DE2-AAA0-4DE0-B99D-E9189E3009F3}.Release|Win32.Build.0 = Release|Win32
		{6FCB8DE2-AAA0-4DE0-B99D-E9189E3009F3}.Template|Win32.ActiveCfg = Release|Win32
		{6FCB8DE2-AAA0-4DE0-B99D-E9189E3009F3}.Template|Win32.Build.0 = Release|Win32
	EndGlobalSection
	GlobalSection(SolutionProperties) = preSolution
		HideSolutionNode = FALSE
	EndGlobalSection
	GlobalSection(NestedProjects) = preSolution
		{355C2331-5163-4634-B835-0B3175DE89C4} = {A63C95D7-4E65-4F43-BB66-F066545F4BCF}
		{3C31E0AD-095E-4084-B30D-09ADBDC14C30} = {A63C95D7-4E65-4F43-BB66-F066545F4BCF}
		{73AEDA27-DBEB-4B66-A7A9-34FFF6C841CC} = {A63C95D7-4E65-4F43-BB66-F066545F4BCF}
		{8A2177C2-5FB7-4247-89BA-65ED7E19D854} = {A63C95D7-4E65-4F43-BB66-F066545F4BCF}
		{51CAE5C1-65F5-4429-80D0-CB6041307BE4} = {A63C95D7-4E65-4F43-BB66-F066545F4BCF}
		{5CB74253-3797-4324-BAC6-145E15E9FDE0} = {A63C95D7-4E65-4F43-BB66-F066545F4BCF}
		{0BA62369-1024-4A9B-9AB7-AF3EB50A3145} = {A63C95D7-4E65-4F43-BB66-F066545F4BCF}
		{BD558029-E71B-4D74-8D50-5F16E644B46C} = {A63C95D7-4E65-4F43-BB66-F066545F4BCF}
		{A6BE92AD-9598-4124-A418-192DB6FDF766} = {A63C95D7-4E65-4F43-BB66-F066545F4BCF}
		{58F54084-ED95-45D1-8291-FF61696E1A1E} = {A63C95D7-4E65-4F43-BB66-F066545F4BCF}
		{087DC11B-AF8F-409E-8FCB-160D69F08F58} = {A63C95D7-4E65-4F43-BB66-F066545F4BCF}
		{4B8A7BF7-1B73-4597-AB04-ECC0B7BE751A} = {A63C95D7-4E65-4F43-BB66-F066545F4BCF}
		{57365345-8BD8-4239-BD3D-CC30F34AEF9A} = {A63C95D7-4E65-4F43-BB66-F066545F4BCF}
		{DA5B6613-9A22-4C4F-8CE6-57EA6B304397} = {A63C95D7-4E65-4F43-BB66-F066545F4BCF}
		{50715437-B9EC-4BB5-A20E-EE81E451BA0C} = {A63C95D7-4E65-4F43-BB66-F066545F4BCF}
		{469C06C1-42EC-4312-A0C4-E04AB20ADDBA} = {A63C95D7-4E65-4F43-BB66-F066545F4BCF}
		{6FCB8DE2-AAA0-4DE0-B99D-E9189E3009F3} = {A63C95D7-4E65-4F43-BB66-F066545F4BCF}
		{3D79BC1C-5D3B-46DC-A9E0-ED5CBF85BCC2} = {A7484E25-880E-436D-8684-D5A4B2E574A0}
		{65DF325C-210F-4930-AF8D-835E737C31CD} = {A7484E25-880E-436D-8684-D5A4B2E574A0}
		{58313FEF-6FEE-242F-DC8A-B168312BBBEC} = {9BE8AA98-62F4-4C6A-B96F-7BA2F49B2052}
		{CC5F7898-455E-26FF-A7E0-2BDCBDF131E5} = {9BE8AA98-62F4-4C6A-B96F-7BA2F49B2052}
	EndGlobalSection
	GlobalSection(ExtensibilityGlobals) = postSolution
		SolutionGuid = {54BC3EE9-5B1D-4223-A566-1D97B4574BE1}
	EndGlobalSection
EndGlobal
