
Microsoft Visual Studio Solution File, Format Version 11.00
# Visual Studio 2010
Project("{8BC9CEB8-8B4A-11D0-8D11-00A0C91BC942}") = "NHLib", "NHLib\NHLib.vcxproj", "{5FC9B6FF-5E2A-43E5-841E-CE206E06E866}"
EndProject
Project("{8BC9CEB8-8B4A-11D0-8D11-00A0C91BC942}") = "NHMFDServerDBDAL", "NHMFDServerDBDAL\NHMFDServerDBDAL.vcxproj", "{AC7B9F51-CDB9-4CE8-856B-62BE3241F803}"
EndProject
Project("{8BC9CEB8-8B4A-11D0-8D11-00A0C91BC942}") = "NHModeServerDBDAL", "NHModeServerDBDAL\NHModeServerDBDAL.vcxproj", "{B2925406-0C5F-4D89-93ED-5C444BCC9283}"
EndProject
Project("{8BC9CEB8-8B4A-11D0-8D11-00A0C91BC942}") = "NHNetLib", "NHNetLib\NHNetLib.vcxproj", "{313728B6-BD4A-40F9-B873-BAD2630CA376}"
EndProject
Project("{8BC9CEB8-8B4A-11D0-8D11-00A0C91BC942}") = "NHWin32Lib", "NHWin32Lib\NHWin32Lib.vcxproj", "{9EAE1F75-643A-43F9-9F91-959F23EED1AE}"
EndProject
Project("{8BC9CEB8-8B4A-11D0-8D11-00A0C91BC942}") = "Charge", "Charge\Charge.vcxproj", "{5C651311-A998-4174-9359-93A6AB31D257}"
	ProjectSection(ProjectDependencies) = postProject
		{B2925406-0C5F-4D89-93ED-5C444BCC9283} = {B2925406-0C5F-4D89-93ED-5C444BCC9283}
		{AC7B9F51-CDB9-4CE8-856B-62BE3241F803} = {AC7B9F51-CDB9-4CE8-856B-62BE3241F803}
		{9EAE1F75-643A-43F9-9F91-959F23EED1AE} = {9EAE1F75-643A-43F9-9F91-959F23EED1AE}
		{313728B6-BD4A-40F9-B873-BAD2630CA376} = {313728B6-BD4A-40F9-B873-BAD2630CA376}
		{5FC9B6FF-5E2A-43E5-841E-CE206E06E866} = {5FC9B6FF-5E2A-43E5-841E-CE206E06E866}
	EndProjectSection
EndProject
Project("{8BC9CEB8-8B4A-11D0-8D11-00A0C91BC942}") = "SMCIS", "SMCIS\SMCIS.vcxproj", "{9F6FE2FC-7332-467A-9173-822BE9F9AE3F}"
	ProjectSection(ProjectDependencies) = postProject
		{B2925406-0C5F-4D89-93ED-5C444BCC9283} = {B2925406-0C5F-4D89-93ED-5C444BCC9283}
		{AC7B9F51-CDB9-4CE8-856B-62BE3241F803} = {AC7B9F51-CDB9-4CE8-856B-62BE3241F803}
		{9EAE1F75-643A-43F9-9F91-959F23EED1AE} = {9EAE1F75-643A-43F9-9F91-959F23EED1AE}
		{3C31E0AD-095E-4084-B30D-09ADBDC14C30} = {3C31E0AD-095E-4084-B30D-09ADBDC14C30}
		{313728B6-BD4A-40F9-B873-BAD2630CA376} = {313728B6-BD4A-40F9-B873-BAD2630CA376}
		{8A2177C2-5FB7-4247-89BA-65ED7E19D854} = {8A2177C2-5FB7-4247-89BA-65ED7E19D854}
		{250042FB-9FC3-49D3-8E88-2554F668B477} = {250042FB-9FC3-49D3-8E88-2554F668B477}
		{5FC9B6FF-5E2A-43E5-841E-CE206E06E866} = {5FC9B6FF-5E2A-43E5-841E-CE206E06E866}
	EndProjectSection
EndProject
Project("{8BC9CEB8-8B4A-11D0-8D11-00A0C91BC942}") = "CTestFrom1", "CTestFrom1\CTestFrom1.vcxproj", "{D01416FD-5E1C-48D3-1B04-0B1589198A82}"
EndProject
Project("{8BC9CEB8-8B4A-11D0-8D11-00A0C91BC942}") = "NHDetCommModu", "NHDetCommModu\NHDetCommModu.vcxproj", "{250042FB-9FC3-49D3-8E88-2554F668B477}"
	ProjectSection(ProjectDependencies) = postProject
		{355C2331-5163-4634-B835-0B3175DE89C4} = {355C2331-5163-4634-B835-0B3175DE89C4}
		{9EAE1F75-643A-43F9-9F91-959F23EED1AE} = {9EAE1F75-643A-43F9-9F91-959F23EED1AE}
		{5FC9B6FF-5E2A-43E5-841E-CE206E06E866} = {5FC9B6FF-5E2A-43E5-841E-CE206E06E866}
	EndProjectSection
EndProject
Project("{8BC9CEB8-8B4A-11D0-8D11-00A0C91BC942}") = "GAConstDef", "GAConstDef\GAConstDef.vcxproj", "{355C2331-5163-4634-B835-0B3175DE89C4}"
EndProject
Project("{2150E333-8FDC-42A3-9474-1A3956D46DE8}") = "联网", "联网", "{A63C95D7-4E65-4F43-BB66-F066545F4BCF}"
EndProject
Project("{8BC9CEB8-8B4A-11D0-8D11-00A0C91BC942}") = "WebSerLib", "WebSerLib\GAWebServiceLib.vcxproj", "{3C31E0AD-095E-4084-B30D-09ADBDC14C30}"
	ProjectSection(ProjectDependencies) = postProject
		{B2925406-0C5F-4D89-93ED-5C444BCC9283} = {B2925406-0C5F-4D89-93ED-5C444BCC9283}
		{73AEDA27-DBEB-4B66-A7A9-34FFF6C841CC} = {73AEDA27-DBEB-4B66-A7A9-34FFF6C841CC}
		{AC7B9F51-CDB9-4CE8-856B-62BE3241F803} = {AC7B9F51-CDB9-4CE8-856B-62BE3241F803}
		{9EAE1F75-643A-43F9-9F91-959F23EED1AE} = {9EAE1F75-643A-43F9-9F91-959F23EED1AE}
		{313728B6-BD4A-40F9-B873-BAD2630CA376} = {313728B6-BD4A-40F9-B873-BAD2630CA376}
		{5FC9B6FF-5E2A-43E5-841E-CE206E06E866} = {5FC9B6FF-5E2A-43E5-841E-CE206E06E866}
	EndProjectSection
EndProject
Project("{8BC9CEB8-8B4A-11D0-8D11-00A0C91BC942}") = "ACInterfaceLib", "ACIntLib\ACInterfaceLib.vcxproj", "{73AEDA27-DBEB-4B66-A7A9-34FFF6C841CC}"
EndProject
Project("{8BC9CEB8-8B4A-11D0-8D11-00A0C91BC942}") = "PDADBDAL", "ACPDADB\PDADBDAL.vcxproj", "{8A2177C2-5FB7-4247-89BA-65ED7E19D854}"
EndProject
Global
	GlobalSection(SolutionConfigurationPlatforms) = preSolution
		Debug|Win32 = Debug|Win32
		Release|Win32 = Release|Win32
	EndGlobalSection
	GlobalSection(ProjectConfigurationPlatforms) = postSolution
		{5FC9B6FF-5E2A-43E5-841E-CE206E06E866}.Debug|Win32.ActiveCfg = Debug|Win32
		{5FC9B6FF-5E2A-43E5-841E-CE206E06E866}.Debug|Win32.Build.0 = Debug|Win32
		{5FC9B6FF-5E2A-43E5-841E-CE206E06E866}.Release|Win32.ActiveCfg = Release|Win32
		{5FC9B6FF-5E2A-43E5-841E-CE206E06E866}.Release|Win32.Build.0 = Release|Win32
		{AC7B9F51-CDB9-4CE8-856B-62BE3241F803}.Debug|Win32.ActiveCfg = Debug|Win32
		{AC7B9F51-CDB9-4CE8-856B-62BE3241F803}.Debug|Win32.Build.0 = Debug|Win32
		{AC7B9F51-CDB9-4CE8-856B-62BE3241F803}.Release|Win32.ActiveCfg = Release|Win32
		{AC7B9F51-CDB9-4CE8-856B-62BE3241F803}.Release|Win32.Build.0 = Release|Win32
		{B2925406-0C5F-4D89-93ED-5C444BCC9283}.Debug|Win32.ActiveCfg = Debug|Win32
		{B2925406-0C5F-4D89-93ED-5C444BCC9283}.Debug|Win32.Build.0 = Debug|Win32
		{B2925406-0C5F-4D89-93ED-5C444BCC9283}.Release|Win32.ActiveCfg = Release|Win32
		{B2925406-0C5F-4D89-93ED-5C444BCC9283}.Release|Win32.Build.0 = Release|Win32
		{313728B6-BD4A-40F9-B873-BAD2630CA376}.Debug|Win32.ActiveCfg = Debug|Win32
		{313728B6-BD4A-40F9-B873-BAD2630CA376}.Debug|Win32.Build.0 = Debug|Win32
		{313728B6-BD4A-40F9-B873-BAD2630CA376}.Release|Win32.ActiveCfg = Release|Win32
		{313728B6-BD4A-40F9-B873-BAD2630CA376}.Release|Win32.Build.0 = Release|Win32
		{9EAE1F75-643A-43F9-9F91-959F23EED1AE}.Debug|Win32.ActiveCfg = Debug|Win32
		{9EAE1F75-643A-43F9-9F91-959F23EED1AE}.Debug|Win32.Build.0 = Debug|Win32
		{9EAE1F75-643A-43F9-9F91-959F23EED1AE}.Release|Win32.ActiveCfg = Release|Win32
		{9EAE1F75-643A-43F9-9F91-959F23EED1AE}.Release|Win32.Build.0 = Release|Win32
		{5C651311-A998-4174-9359-93A6AB31D257}.Debug|Win32.ActiveCfg = Debug|Win32
		{5C651311-A998-4174-9359-93A6AB31D257}.Debug|Win32.Build.0 = Debug|Win32
		{5C651311-A998-4174-9359-93A6AB31D257}.Release|Win32.ActiveCfg = Release|Win32
		{5C651311-A998-4174-9359-93A6AB31D257}.Release|Win32.Build.0 = Release|Win32
		{9F6FE2FC-7332-467A-9173-822BE9F9AE3F}.Debug|Win32.ActiveCfg = Debug|Win32
		{9F6FE2FC-7332-467A-9173-822BE9F9AE3F}.Debug|Win32.Build.0 = Debug|Win32
		{9F6FE2FC-7332-467A-9173-822BE9F9AE3F}.Release|Win32.ActiveCfg = Release|Win32
		{9F6FE2FC-7332-467A-9173-822BE9F9AE3F}.Release|Win32.Build.0 = Release|Win32
		{D01416FD-5E1C-48D3-1B04-0B1589198A82}.Debug|Win32.ActiveCfg = Debug|Win32
		{D01416FD-5E1C-48D3-1B04-0B1589198A82}.Debug|Win32.Build.0 = Debug|Win32
		{D01416FD-5E1C-48D3-1B04-0B1589198A82}.Release|Win32.ActiveCfg = Release|Win32
		{D01416FD-5E1C-48D3-1B04-0B1589198A82}.Release|Win32.Build.0 = Release|Win32
		{250042FB-9FC3-49D3-8E88-2554F668B477}.Debug|Win32.ActiveCfg = Debug|Win32
		{250042FB-9FC3-49D3-8E88-2554F668B477}.Debug|Win32.Build.0 = Debug|Win32
		{250042FB-9FC3-49D3-8E88-2554F668B477}.Release|Win32.ActiveCfg = Release|Win32
		{250042FB-9FC3-49D3-8E88-2554F668B477}.Release|Win32.Build.0 = Release|Win32
		{355C2331-5163-4634-B835-0B3175DE89C4}.Debug|Win32.ActiveCfg = Debug|Win32
		{355C2331-5163-4634-B835-0B3175DE89C4}.Debug|Win32.Build.0 = Debug|Win32
		{355C2331-5163-4634-B835-0B3175DE89C4}.Release|Win32.ActiveCfg = Release|Win32
		{355C2331-5163-4634-B835-0B3175DE89C4}.Release|Win32.Build.0 = Release|Win32
		{3C31E0AD-095E-4084-B30D-09ADBDC14C30}.Debug|Win32.ActiveCfg = Debug|Win32
		{3C31E0AD-095E-4084-B30D-09ADBDC14C30}.Debug|Win32.Build.0 = Debug|Win32
		{3C31E0AD-095E-4084-B30D-09ADBDC14C30}.Release|Win32.ActiveCfg = Release|Win32
		{3C31E0AD-095E-4084-B30D-09ADBDC14C30}.Release|Win32.Build.0 = Release|Win32
		{73AEDA27-DBEB-4B66-A7A9-34FFF6C841CC}.Debug|Win32.ActiveCfg = Debug|Win32
		{73AEDA27-DBEB-4B66-A7A9-34FFF6C841CC}.Debug|Win32.Build.0 = Debug|Win32
		{73AEDA27-DBEB-4B66-A7A9-34FFF6C841CC}.Release|Win32.ActiveCfg = Release|Win32
		{73AEDA27-DBEB-4B66-A7A9-34FFF6C841CC}.Release|Win32.Build.0 = Release|Win32
		{8A2177C2-5FB7-4247-89BA-65ED7E19D854}.Debug|Win32.ActiveCfg = Debug|Win32
		{8A2177C2-5FB7-4247-89BA-65ED7E19D854}.Debug|Win32.Build.0 = Debug|Win32
		{8A2177C2-5FB7-4247-89BA-65ED7E19D854}.Release|Win32.ActiveCfg = Release|Win32
		{8A2177C2-5FB7-4247-89BA-65ED7E19D854}.Release|Win32.Build.0 = Release|Win32
	EndGlobalSection
	GlobalSection(SolutionProperties) = preSolution
		HideSolutionNode = FALSE
	EndGlobalSection
	GlobalSection(NestedProjects) = preSolution
		{3C31E0AD-095E-4084-B30D-09ADBDC14C30} = {A63C95D7-4E65-4F43-BB66-F066545F4BCF}
		{73AEDA27-DBEB-4B66-A7A9-34FFF6C841CC} = {A63C95D7-4E65-4F43-BB66-F066545F4BCF}
		{8A2177C2-5FB7-4247-89BA-65ED7E19D854} = {A63C95D7-4E65-4F43-BB66-F066545F4BCF}
	EndGlobalSection
EndGlobal
