<?xml version="1.0" encoding="utf-8"?>
<Project ToolsVersion="4.0" xmlns="http://schemas.microsoft.com/developer/msbuild/2003">
  <ItemGroup>
    <Filter Include="源文件">
      <UniqueIdentifier>{4FC737F1-C7A5-4376-A066-2A32D752A2FF}</UniqueIdentifier>
      <Extensions>cpp;c;cc;cxx;def;odl;idl;hpj;bat;asm;asmx</Extensions>
    </Filter>
    <Filter Include="头文件">
      <UniqueIdentifier>{93995380-89BD-4b04-88EB-625FBE52EBFB}</UniqueIdentifier>
      <Extensions>h;hpp;hxx;hm;inl;inc;xsd</Extensions>
    </Filter>
    <Filter Include="资源文件">
      <UniqueIdentifier>{67DA6AB6-F800-4c08-8B7A-83BB121AAD01}</UniqueIdentifier>
      <Extensions>rc;ico;cur;bmp;dlg;rc2;rct;bin;rgs;gif;jpg;jpeg;jpe;resx;tiff;tif;png;wav;mfcribbon-ms</Extensions>
    </Filter>
    <Filter Include="gsoap">
      <UniqueIdentifier>{05d52ce7-3be8-431a-ac4c-e8066a050bee}</UniqueIdentifier>
    </Filter>
    <Filter Include="API">
      <UniqueIdentifier>{a63b0999-1d44-48b5-997f-da6c8607602d}</UniqueIdentifier>
    </Filter>
  </ItemGroup>
  <ItemGroup>
    <None Include="ReadMe.txt" />
    <None Include="GAInterfaceLib_V1.0.def">
      <Filter>源文件</Filter>
    </None>
    <None Include="res\GAInterfaceLib_V10.rc2">
      <Filter>资源文件</Filter>
    </None>
    <None Include="TmriOutAccessSoapBinding.nsmap">
      <Filter>gsoap</Filter>
    </None>
  </ItemGroup>
  <ItemGroup>
    <ClCompile Include="GAInterfaceLib_V1.0.cpp">
      <Filter>源文件</Filter>
    </ClCompile>
    <ClCompile Include="dllmain.cpp">
      <Filter>源文件</Filter>
    </ClCompile>
    <ClCompile Include="stdafx.cpp">
      <Filter>源文件</Filter>
    </ClCompile>
    <ClCompile Include="soapC.cpp">
      <Filter>gsoap</Filter>
    </ClCompile>
    <ClCompile Include="soapClient.cpp">
      <Filter>gsoap</Filter>
    </ClCompile>
    <ClCompile Include="stdsoap2.cpp">
      <Filter>gsoap</Filter>
    </ClCompile>
    <ClCompile Include="GAInterfaceLib_V1.0_API.cpp">
      <Filter>API</Filter>
    </ClCompile>
  </ItemGroup>
  <ItemGroup>
    <ClInclude Include="stdafx.h">
      <Filter>头文件</Filter>
    </ClInclude>
    <ClInclude Include="targetver.h">
      <Filter>头文件</Filter>
    </ClInclude>
    <ClInclude Include="Resource.h">
      <Filter>头文件</Filter>
    </ClInclude>
    <ClInclude Include="stdsoap2.h">
      <Filter>头文件</Filter>
    </ClInclude>
    <ClInclude Include="soapStub.h">
      <Filter>gsoap</Filter>
    </ClInclude>
    <ClInclude Include="soapH.h">
      <Filter>gsoap</Filter>
    </ClInclude>
    <ClInclude Include="soapTmriOutAccessSoapBindingProxy.h">
      <Filter>gsoap</Filter>
    </ClInclude>
    <ClInclude Include="GAInterfaceLib_V1.0_API.h">
      <Filter>API</Filter>
    </ClInclude>
    <ClInclude Include="GAInterfaceLib_V1.0.h">
      <Filter>头文件</Filter>
    </ClInclude>
  </ItemGroup>
  <ItemGroup>
    <ResourceCompile Include="GAInterfaceLib_V1.0.rc">
      <Filter>资源文件</Filter>
    </ResourceCompile>
  </ItemGroup>
</Project>