<?xml version="1.0" encoding="utf-8"?>
<Project ToolsVersion="4.0" xmlns="http://schemas.microsoft.com/developer/msbuild/2003">
  <ItemGroup>
    <Filter Include="源文件">
      <UniqueIdentifier>{4FC737F1-C7A5-4376-A066-2A32D752A2FF}</UniqueIdentifier>
      <Extensions>cpp;c;cc;cxx;def;odl;idl;hpj;bat;asm;asmx</Extensions>
    </Filter>
    <Filter Include="头文件">
      <UniqueIdentifier>{93995380-89BD-4b04-88EB-625FBE52EBFB}</UniqueIdentifier>
      <Extensions>h;hpp;hxx;hm;inl;inc;xsd</Extensions>
    </Filter>
    <Filter Include="资源文件">
      <UniqueIdentifier>{67DA6AB6-F800-4c08-8B7A-83BB121AAD01}</UniqueIdentifier>
      <Extensions>rc;ico;cur;bmp;dlg;rc2;rct;bin;rgs;gif;jpg;jpeg;jpe;resx;tiff;tif;png;wav;mfcribbon-ms</Extensions>
    </Filter>
    <Filter Include="API">
      <UniqueIdentifier>{8c8ffd7d-6d9f-4fce-b23c-ac60c8fcd4e6}</UniqueIdentifier>
    </Filter>
    <Filter Include="util">
      <UniqueIdentifier>{98437e15-3179-46ee-b79e-9a315f7b0af0}</UniqueIdentifier>
    </Filter>
    <Filter Include="Ini">
      <UniqueIdentifier>{0d592937-c390-4cb3-9a28-30faca3f9b3c}</UniqueIdentifier>
    </Filter>
  </ItemGroup>
  <ItemGroup>
    <None Include="ReadMe.txt" />
    <None Include="GAWebServiceLib.def">
      <Filter>源文件</Filter>
    </None>
    <None Include="res\GAWebServiceLib.rc2">
      <Filter>资源文件</Filter>
    </None>
    <None Include="NHWebServiceLib.ini">
      <Filter>Ini</Filter>
    </None>
  </ItemGroup>
  <ItemGroup>
    <ClCompile Include="GAWebServiceLib.cpp">
      <Filter>源文件</Filter>
    </ClCompile>
    <ClCompile Include="dllmain.cpp">
      <Filter>源文件</Filter>
    </ClCompile>
    <ClCompile Include="stdafx.cpp">
      <Filter>源文件</Filter>
    </ClCompile>
    <ClCompile Include="GAWebServiceLibAPI.cpp">
      <Filter>API</Filter>
    </ClCompile>
    <ClCompile Include="ZBase64.cpp">
      <Filter>util</Filter>
    </ClCompile>
    <ClCompile Include="URLCode.cpp">
      <Filter>util</Filter>
    </ClCompile>
  </ItemGroup>
  <ItemGroup>
    <ClInclude Include="stdafx.h">
      <Filter>头文件</Filter>
    </ClInclude>
    <ClInclude Include="targetver.h">
      <Filter>头文件</Filter>
    </ClInclude>
    <ClInclude Include="Resource.h">
      <Filter>头文件</Filter>
    </ClInclude>
    <ClInclude Include="GAWebServiceLib.h">
      <Filter>头文件</Filter>
    </ClInclude>
    <ClInclude Include="GAWebServiceLibAPI.h">
      <Filter>API</Filter>
    </ClInclude>
    <ClInclude Include="ZBase64.h">
      <Filter>util</Filter>
    </ClInclude>
    <ClInclude Include="URLCode.h">
      <Filter>util</Filter>
    </ClInclude>
    <ClInclude Include="kutfconv.h">
      <Filter>util</Filter>
    </ClInclude>
  </ItemGroup>
  <ItemGroup>
    <ResourceCompile Include="GAWebServiceLib.rc">
      <Filter>资源文件</Filter>
    </ResourceCompile>
  </ItemGroup>
</Project>